
Microsoft Visual Studio Solution File, Format Version 12.00
# Visual Studio Version 16
VisualStudioVersion = 16.0.30309.148
MinimumVisualStudioVersion = 10.0.40219.1
Project("{FAE04EC0-301F-11D3-BF4B-00C04F79EFBC}") = "EtwForceGC", "EtwForceGC\EtwForceGC.csproj", "{13A1222B-B824-4D73-B695-DEA0193D123C}"
EndProject
Global
	GlobalSection(SolutionConfigurationPlatforms) = preSolution
		Debug|Any CPU = Debug|Any CPU
		Release|Any CPU = Release|Any CPU
	EndGlobalSection
	GlobalSection(ProjectConfigurationPlatforms) = postSolution
		{13A1222B-B824-4D73-B695-DEA0193D123C}.Debug|Any CPU.ActiveCfg = Debug|Any CPU
		{13A1222B-B824-4D73-B695-DEA0193D123C}.Debug|Any CPU.Build.0 = Debug|Any CPU
		{13A1222B-B824-4D73-B695-DEA0193D123C}.Release|Any CPU.ActiveCfg = Release|Any CPU
		{13A1222B-B824-4D73-B695-DEA0193D123C}.Release|Any CPU.Build.0 = Release|Any CPU
	EndGlobalSection
	GlobalSection(SolutionProperties) = preSolution
		HideSolutionNode = FALSE
	EndGlobalSection
	GlobalSection(ExtensibilityGlobals) = postSolution
		SolutionGuid = {9C5AA523-05F8-425F-8514-AB5C0643D152}
	EndGlobalSection
EndGlobal
